<?xml version="1.0" encoding="utf-8"?>
<Project ToolsVersion="4.0" xmlns="http://schemas.microsoft.com/developer/msbuild/2003">
  <ItemGroup>
    <Filter Include="Scenes">
      <UniqueIdentifier>{52f1f78f-c9e3-452c-85ec-194e2a98e71a}</UniqueIdentifier>
    </Filter>
    <Filter Include="Contents">
      <UniqueIdentifier>{70cd9cd6-c312-4cbc-ac34-0aed22c54b9d}</UniqueIdentifier>
    </Filter>
    <Filter Include="Scripts">
      <UniqueIdentifier>{2e0a0352-065c-4227-915a-902927cf7d60}</UniqueIdentifier>
    </Filter>
  </ItemGroup>
  <ItemGroup>
    <ClInclude Include="JBPlayScene.h">
      <Filter>Scenes</Filter>
    </ClInclude>
    <ClInclude Include="JBPlayer.h">
      <Filter>Contents</Filter>
    </ClInclude>
    <ClInclude Include="JBFarmhouseScene.h">
      <Filter>Scenes</Filter>
    </ClInclude>
    <ClInclude Include="JBTitleScene.h">
      <Filter>Scenes</Filter>
    </ClInclude>
    <ClInclude Include="JBPlayerScript.h">
      <Filter>Scripts</Filter>
    </ClInclude>
    <ClInclude Include="JBLoadScene.h">
      <Filter>Scenes</Filter>
    </ClInclude>
    <ClInclude Include="JBCat.h">
      <Filter>Contents</Filter>
    </ClInclude>
    <ClInclude Include="JBCatScript.h">
      <Filter>Scripts</Filter>
    </ClInclude>
    <ClInclude Include="JBcloudScript.h">
      <Filter>Scripts</Filter>
    </ClInclude>
  </ItemGroup>
  <ItemGroup>
    <ClCompile Include="JBPlayScene.cpp">
      <Filter>Scenes</Filter>
    </ClCompile>
    <ClCompile Include="JBPlayer.cpp">
      <Filter>Contents</Filter>
    </ClCompile>
    <ClCompile Include="JBFarmhouseScene.cpp">
      <Filter>Scenes</Filter>
    </ClCompile>
    <ClCompile Include="JBTitleScene.cpp">
      <Filter>Scenes</Filter>
    </ClCompile>
    <ClCompile Include="JBPlayerScript.cpp">
      <Filter>Scripts</Filter>
    </ClCompile>
    <ClCompile Include="JBCat.cpp">
      <Filter>Contents</Filter>
    </ClCompile>
    <ClCompile Include="JBCatScript.cpp">
      <Filter>Scripts</Filter>
    </ClCompile>
    <ClCompile Include="JBcloudScript.cpp">
      <Filter>Scripts</Filter>
    </ClCompile>
  </ItemGroup>
</Project>